
Microsoft Visual Studio Solution File, Format Version 12.00
# Visual Studio Version 16
VisualStudioVersion = 16.0.30621.155
MinimumVisualStudioVersion = 10.0.40219.1
Project("{FAE04EC0-301F-11D3-BF4B-00C04F79EFBC}") = "TranLeQuyen_5951071088_", "TranLeQuyen_5951071088_\TranLeQuyen_5951071088_.csproj", "{8A3FBA90-E719-49C7-8350-10AE4442C35B}"
EndProject
Global
	GlobalSection(SolutionConfigurationPlatforms) = preSolution
		Debug|Any CPU = Debug|Any CPU
		Release|Any CPU = Release|Any CPU
	EndGlobalSection
	GlobalSection(ProjectConfigurationPlatforms) = postSolution
		{8A3FBA90-E719-49C7-8350-10AE4442C35B}.Debug|Any CPU.ActiveCfg = Debug|Any CPU
		{8A3FBA90-E719-49C7-8350-10AE4442C35B}.Debug|Any CPU.Build.0 = Debug|Any CPU
		{8A3FBA90-E719-49C7-8350-10AE4442C35B}.Release|Any CPU.ActiveCfg = Release|Any CPU
		{8A3FBA90-E719-49C7-8350-10AE4442C35B}.Release|Any CPU.Build.0 = Release|Any CPU
	EndGlobalSection
	GlobalSection(SolutionProperties) = preSolution
		HideSolutionNode = FALSE
	EndGlobalSection
	GlobalSection(ExtensibilityGlobals) = postSolution
		SolutionGuid = {2036F04E-D005-4122-8DE9-2AC148FE515B}
	EndGlobalSection
EndGlobal
